
Microsoft Visual Studio Solution File, Format Version 12.00
# Visual Studio Version 16
VisualStudioVersion = 16.0.30225.117
MinimumVisualStudioVersion = 10.0.40219.1
Project("{FAE04EC0-301F-11D3-BF4B-00C04F79EFBC}") = "TouchTransporter_Client", "TouchTransporter_Client\TouchTransporter_Client.csproj", "{59133D10-062C-4269-ACD0-8B6C35DDE025}"
EndProject
Global
	GlobalSection(SolutionConfigurationPlatforms) = preSolution
		Debug|Any CPU = Debug|Any CPU
		Debug|x64 = Debug|x64
		Release|Any CPU = Release|Any CPU
		Release|x64 = Release|x64
	EndGlobalSection
	GlobalSection(ProjectConfigurationPlatforms) = postSolution
		{59133D10-062C-4269-ACD0-8B6C35DDE025}.Debug|Any CPU.ActiveCfg = Debug|Any CPU
		{59133D10-062C-4269-ACD0-8B6C35DDE025}.Debug|Any CPU.Build.0 = Debug|Any CPU
		{59133D10-062C-4269-ACD0-8B6C35DDE025}.Debug|x64.ActiveCfg = Debug|x64
		{59133D10-062C-4269-ACD0-8B6C35DDE025}.Debug|x64.Build.0 = Debug|x64
		{59133D10-062C-4269-ACD0-8B6C35DDE025}.Release|Any CPU.ActiveCfg = Release|Any CPU
		{59133D10-062C-4269-ACD0-8B6C35DDE025}.Release|Any CPU.Build.0 = Release|Any CPU
		{59133D10-062C-4269-ACD0-8B6C35DDE025}.Release|x64.ActiveCfg = Release|x64
		{59133D10-062C-4269-ACD0-8B6C35DDE025}.Release|x64.Build.0 = Release|x64
	EndGlobalSection
	GlobalSection(SolutionProperties) = preSolution
		HideSolutionNode = FALSE
	EndGlobalSection
	GlobalSection(ExtensibilityGlobals) = postSolution
		SolutionGuid = {008BEBF7-EBAF-449D-A6EC-0F053773506A}
	EndGlobalSection
EndGlobal
